
Microsoft Visual Studio Solution File, Format Version 12.00
# Visual Studio Version 17
VisualStudioVersion = 17.8.34330.188
MinimumVisualStudioVersion = 10.0.40219.1
Project("{FAE04EC0-301F-11D3-BF4B-00C04F79EFBC}") = "WhenToUseDictOverList", "WhenToUseDictOverList\WhenToUseDictOverList.csproj", "{7945320E-01DE-4473-B515-2F10E853AC20}"
EndProject
Global
	GlobalSection(SolutionConfigurationPlatforms) = preSolution
		Debug|Any CPU = Debug|Any CPU
		Release|Any CPU = Release|Any CPU
	EndGlobalSection
	GlobalSection(ProjectConfigurationPlatforms) = postSolution
		{7945320E-01DE-4473-B515-2F10E853AC20}.Debug|Any CPU.ActiveCfg = Debug|Any CPU
		{7945320E-01DE-4473-B515-2F10E853AC20}.Debug|Any CPU.Build.0 = Debug|Any CPU
		{7945320E-01DE-4473-B515-2F10E853AC20}.Release|Any CPU.ActiveCfg = Release|Any CPU
		{7945320E-01DE-4473-B515-2F10E853AC20}.Release|Any CPU.Build.0 = Release|Any CPU
	EndGlobalSection
	GlobalSection(SolutionProperties) = preSolution
		HideSolutionNode = FALSE
	EndGlobalSection
	GlobalSection(ExtensibilityGlobals) = postSolution
		SolutionGuid = {93AAB882-2104-4248-B043-FE6A38F24EF5}
	EndGlobalSection
EndGlobal
