
Microsoft Visual Studio Solution File, Format Version 12.00
# Visual Studio Version 17
VisualStudioVersion = 17.8.34330.188
MinimumVisualStudioVersion = 10.0.40219.1
Project("{FAE04EC0-301F-11D3-BF4B-00C04F79EFBC}") = "AdoDemo", "AdoDemo\AdoDemo.csproj", "{8FEE6A9B-2811-4747-BF2E-CB5BCFBDCA32}"
EndProject
Global
	GlobalSection(SolutionConfigurationPlatforms) = preSolution
		Debug|Any CPU = Debug|Any CPU
		Release|Any CPU = Release|Any CPU
	EndGlobalSection
	GlobalSection(ProjectConfigurationPlatforms) = postSolution
		{8FEE6A9B-2811-4747-BF2E-CB5BCFBDCA32}.Debug|Any CPU.ActiveCfg = Debug|Any CPU
		{8FEE6A9B-2811-4747-BF2E-CB5BCFBDCA32}.Debug|Any CPU.Build.0 = Debug|Any CPU
		{8FEE6A9B-2811-4747-BF2E-CB5BCFBDCA32}.Release|Any CPU.ActiveCfg = Release|Any CPU
		{8FEE6A9B-2811-4747-BF2E-CB5BCFBDCA32}.Release|Any CPU.Build.0 = Release|Any CPU
	EndGlobalSection
	GlobalSection(SolutionProperties) = preSolution
		HideSolutionNode = FALSE
	EndGlobalSection
	GlobalSection(ExtensibilityGlobals) = postSolution
		SolutionGuid = {3CCF427B-5318-4F20-BD8F-C6DB22284211}
	EndGlobalSection
EndGlobal
