
Microsoft Visual Studio Solution File, Format Version 12.00
# Visual Studio Version 17
VisualStudioVersion = 17.8.34330.188
MinimumVisualStudioVersion = 10.0.40219.1
Project("{FAE04EC0-301F-11D3-BF4B-00C04F79EFBC}") = "IndexersDemo", "IndexersDemo\IndexersDemo.csproj", "{F13D6728-2C6A-4478-BBC8-33B76DD9461B}"
EndProject
Global
	GlobalSection(SolutionConfigurationPlatforms) = preSolution
		Debug|Any CPU = Debug|Any CPU
		Release|Any CPU = Release|Any CPU
	EndGlobalSection
	GlobalSection(ProjectConfigurationPlatforms) = postSolution
		{F13D6728-2C6A-4478-BBC8-33B76DD9461B}.Debug|Any CPU.ActiveCfg = Debug|Any CPU
		{F13D6728-2C6A-4478-BBC8-33B76DD9461B}.Debug|Any CPU.Build.0 = Debug|Any CPU
		{F13D6728-2C6A-4478-BBC8-33B76DD9461B}.Release|Any CPU.ActiveCfg = Release|Any CPU
		{F13D6728-2C6A-4478-BBC8-33B76DD9461B}.Release|Any CPU.Build.0 = Release|Any CPU
	EndGlobalSection
	GlobalSection(SolutionProperties) = preSolution
		HideSolutionNode = FALSE
	EndGlobalSection
	GlobalSection(ExtensibilityGlobals) = postSolution
		SolutionGuid = {2732BF42-EE1E-4B8A-A0EC-160924FDE069}
	EndGlobalSection
EndGlobal
